{
  "name": "survey",
  "version": "0.0.1",
  "lockfileVersion": 1,
  "requires": true,
  "dependencies": {
    "cors": {
      "version": "2.8.5",
      "resolved": "https://registry.npmjs.org/cors/-/cors-2.8.5.tgz",
      "integrity": "sha512-KIHbLJqu73RGr/hnbrO9uBeixNGuvSQjul/jdFvS/KFSIH1hWVd1ng7zOHx+YrEfInLG7q4n6GHQ9cDtxv/P6g==",
      "requires": {
        "object-assign": "^4",
        "vary": "^1"
      }
    },
    "fast-decode-uri-component": {
      "version": "1.0.0",
      "resolved": "https://registry.npmjs.org/fast-decode-uri-component/-/fast-decode-uri-component-1.0.0.tgz",
      "integrity": "sha512-WQSYVKn6tDW/3htASeUkrx5LcnuTENQIZQPCVlwdnvIJ7bYtSpoJYq38MgUJnx1CQIR1gjZ8HJxAEcN4gqugBg=="
    },
    "find-my-way": {
      "version": "1.15.4",
      "resolved": "https://registry.npmjs.org/find-my-way/-/find-my-way-1.15.4.tgz",
      "integrity": "sha512-3XPCOhoGMPK6ELgUHd5BuNxsL+fTNM0EIrTlcLwjT2uZq22UHL4IQt5N54PIQblk164ioZATRov9mcuA4RB3eA==",
      "requires": {
        "fast-decode-uri-component": "^1.0.0",
        "safe-regex": "^1.1.0",
        "semver-store": "^0.3.0"
      }
    },
    "object-assign": {
      "version": "4.1.1",
      "resolved": "https://registry.npmjs.org/object-assign/-/object-assign-4.1.1.tgz",
      "integrity": "sha1-IQmtx5ZYh8/AXLvUQsrIv7s2CGM="
    },
    "restana": {
      "version": "2.4.0",
      "resolved": "https://registry.npmjs.org/restana/-/restana-2.4.0.tgz",
      "integrity": "sha512-FP8rPzESdFJN1J3/xKUd5lYMyeFRJNVNDIuXFCKeFMnfVeSZ22e9yeGmA3TEE/YYdLY1bfbQNRSF+aoUVjjA7A==",
      "requires": {
        "find-my-way": "^1.15.4"
      }
    },
    "ret": {
      "version": "0.1.15",
      "resolved": "https://registry.npmjs.org/ret/-/ret-0.1.15.tgz",
      "integrity": "sha512-TTlYpa+OL+vMMNG24xSlQGEJ3B/RzEfUlLct7b5G/ytav+wPrplCpVMFuwzXbkecJrb6IYo1iFb0S9v37754mg=="
    },
    "safe-regex": {
      "version": "1.1.0",
      "resolved": "http://registry.npmjs.org/safe-regex/-/safe-regex-1.1.0.tgz",
      "integrity": "sha1-QKNmnzsHfR6UPURinhV91IAjvy4=",
      "requires": {
        "ret": "~0.1.10"
      }
    },
    "semver-store": {
      "version": "0.3.0",
      "resolved": "https://registry.npmjs.org/semver-store/-/semver-store-0.3.0.tgz",
      "integrity": "sha512-TcZvGMMy9vodEFSse30lWinkj+JgOBvPn8wRItpQRSayhc+4ssDs335uklkfvQQJgL/WvmHLVj4Ycv2s7QCQMg=="
    },
    "vary": {
      "version": "1.1.2",
      "resolved": "https://registry.npmjs.org/vary/-/vary-1.1.2.tgz",
      "integrity": "sha1-IpnwLG3tMNSllhsLn3RSShj2NPw="
    }
  }
}
